
Microsoft Visual Studio Solution File, Format Version 12.00
# Visual Studio Version 17
VisualStudioVersion = 17.5.002.0
MinimumVisualStudioVersion = 10.0.40219.1
Project("{9A19103F-16F7-4668-BE54-9A1E7A4F7556}") = "MysqlStoredProcedures", "MysqlStoredProcedures.csproj", "{BB192799-F83A-4B59-8EE9-574D6C8D364C}"
EndProject
Global
	GlobalSection(SolutionConfigurationPlatforms) = preSolution
		Debug|Any CPU = Debug|Any CPU
		Release|Any CPU = Release|Any CPU
	EndGlobalSection
	GlobalSection(ProjectConfigurationPlatforms) = postSolution
		{BB192799-F83A-4B59-8EE9-574D6C8D364C}.Debug|Any CPU.ActiveCfg = Debug|Any CPU
		{BB192799-F83A-4B59-8EE9-574D6C8D364C}.Debug|Any CPU.Build.0 = Debug|Any CPU
		{BB192799-F83A-4B59-8EE9-574D6C8D364C}.Release|Any CPU.ActiveCfg = Release|Any CPU
		{BB192799-F83A-4B59-8EE9-574D6C8D364C}.Release|Any CPU.Build.0 = Release|Any CPU
	EndGlobalSection
	GlobalSection(SolutionProperties) = preSolution
		HideSolutionNode = FALSE
	EndGlobalSection
	GlobalSection(ExtensibilityGlobals) = postSolution
		SolutionGuid = {F9864BBD-EC45-4B7E-9B41-C7D35ED2F0A7}
	EndGlobalSection
EndGlobal
